
Microsoft Visual Studio Solution File, Format Version 12.00
# Visual Studio 14
VisualStudioVersion = 14.0.25420.1
MinimumVisualStudioVersion = 10.0.40219.1
Project("{2150E333-8FDC-42A3-9474-1A3956D46DE8}") = "Lab1-2", "Lab1-2", "{C290BEE0-4F5B-4D9D-99E4-664E2A34FA3F}"
EndProject
Project("{2150E333-8FDC-42A3-9474-1A3956D46DE8}") = "Lab1", "Lab1", "{D5581A1A-B4FA-43B4-BA47-25DFA8DB71C6}"
EndProject
Project("{FAE04EC0-301F-11D3-BF4B-00C04F79EFBC}") = "Datalager", "Datalager\Datalager.csproj", "{B207551B-5D5F-41B5-ACCA-8A813387BF39}"
EndProject
Project("{FAE04EC0-301F-11D3-BF4B-00C04F79EFBC}") = "LabEtt", "LabEtt\LabEtt.csproj", "{59EA70D3-D9D3-486E-81F4-7B73DD282694}"
EndProject
Project("{2150E333-8FDC-42A3-9474-1A3956D46DE8}") = "Lab2", "Lab2", "{A6C3D954-56C1-489E-9888-1061C0E2EC32}"
EndProject
Project("{FAE04EC0-301F-11D3-BF4B-00C04F79EFBC}") = "DatalagerTow", "DatalagerTow\DatalagerTow.csproj", "{FC0D524F-277A-4BF5-B17A-B6EBD1EA1C6D}"
EndProject
Project("{FAE04EC0-301F-11D3-BF4B-00C04F79EFBC}") = "BusinessLayer", "BusinessLayer\BusinessLayer.csproj", "{E2E2DA79-1B1B-4D0B-A710-FD6D1D1C4988}"
EndProject
Project("{FAE04EC0-301F-11D3-BF4B-00C04F79EFBC}") = "LabTow", "LabTow\LabTow.csproj", "{8774E57C-8A95-4449-9D5A-1DF8628B6BC2}"
EndProject
Project("{2150E333-8FDC-42A3-9474-1A3956D46DE8}") = "Lab3", "Lab3", "{656A13F5-7959-4B09-9B0C-F8B0002DF43E}"
EndProject
Project("{FAE04EC0-301F-11D3-BF4B-00C04F79EFBC}") = "BusinessLayers", "BusinessLayers\BusinessLayers.csproj", "{83DD72F9-5382-4C19-AE46-E44173C97305}"
EndProject
Project("{FAE04EC0-301F-11D3-BF4B-00C04F79EFBC}") = "Repositories", "Repositories\Repositories.csproj", "{5ADDED6A-238F-4EF4-910F-1C7071529B4F}"
EndProject
Project("{FAE04EC0-301F-11D3-BF4B-00C04F79EFBC}") = "Gallery_UI", "Gallery_UI\Gallery_UI.csproj", "{B44F6A72-B34D-45DD-92CD-6FE319AFC895}"
EndProject
Global
	GlobalSection(SolutionConfigurationPlatforms) = preSolution
		Debug|Any CPU = Debug|Any CPU
		Release|Any CPU = Release|Any CPU
	EndGlobalSection
	GlobalSection(ProjectConfigurationPlatforms) = postSolution
		{B207551B-5D5F-41B5-ACCA-8A813387BF39}.Debug|Any CPU.ActiveCfg = Debug|Any CPU
		{B207551B-5D5F-41B5-ACCA-8A813387BF39}.Debug|Any CPU.Build.0 = Debug|Any CPU
		{B207551B-5D5F-41B5-ACCA-8A813387BF39}.Release|Any CPU.ActiveCfg = Release|Any CPU
		{B207551B-5D5F-41B5-ACCA-8A813387BF39}.Release|Any CPU.Build.0 = Release|Any CPU
		{59EA70D3-D9D3-486E-81F4-7B73DD282694}.Debug|Any CPU.ActiveCfg = Debug|Any CPU
		{59EA70D3-D9D3-486E-81F4-7B73DD282694}.Debug|Any CPU.Build.0 = Debug|Any CPU
		{59EA70D3-D9D3-486E-81F4-7B73DD282694}.Release|Any CPU.ActiveCfg = Release|Any CPU
		{59EA70D3-D9D3-486E-81F4-7B73DD282694}.Release|Any CPU.Build.0 = Release|Any CPU
		{FC0D524F-277A-4BF5-B17A-B6EBD1EA1C6D}.Debug|Any CPU.ActiveCfg = Debug|Any CPU
		{FC0D524F-277A-4BF5-B17A-B6EBD1EA1C6D}.Debug|Any CPU.Build.0 = Debug|Any CPU
		{FC0D524F-277A-4BF5-B17A-B6EBD1EA1C6D}.Release|Any CPU.ActiveCfg = Release|Any CPU
		{FC0D524F-277A-4BF5-B17A-B6EBD1EA1C6D}.Release|Any CPU.Build.0 = Release|Any CPU
		{E2E2DA79-1B1B-4D0B-A710-FD6D1D1C4988}.Debug|Any CPU.ActiveCfg = Debug|Any CPU
		{E2E2DA79-1B1B-4D0B-A710-FD6D1D1C4988}.Debug|Any CPU.Build.0 = Debug|Any CPU
		{E2E2DA79-1B1B-4D0B-A710-FD6D1D1C4988}.Release|Any CPU.ActiveCfg = Release|Any CPU
		{E2E2DA79-1B1B-4D0B-A710-FD6D1D1C4988}.Release|Any CPU.Build.0 = Release|Any CPU
		{8774E57C-8A95-4449-9D5A-1DF8628B6BC2}.Debug|Any CPU.ActiveCfg = Debug|Any CPU
		{8774E57C-8A95-4449-9D5A-1DF8628B6BC2}.Debug|Any CPU.Build.0 = Debug|Any CPU
		{8774E57C-8A95-4449-9D5A-1DF8628B6BC2}.Release|Any CPU.ActiveCfg = Release|Any CPU
		{8774E57C-8A95-4449-9D5A-1DF8628B6BC2}.Release|Any CPU.Build.0 = Release|Any CPU
		{83DD72F9-5382-4C19-AE46-E44173C97305}.Debug|Any CPU.ActiveCfg = Debug|Any CPU
		{83DD72F9-5382-4C19-AE46-E44173C97305}.Debug|Any CPU.Build.0 = Debug|Any CPU
		{83DD72F9-5382-4C19-AE46-E44173C97305}.Release|Any CPU.ActiveCfg = Release|Any CPU
		{83DD72F9-5382-4C19-AE46-E44173C97305}.Release|Any CPU.Build.0 = Release|Any CPU
		{5ADDED6A-238F-4EF4-910F-1C7071529B4F}.Debug|Any CPU.ActiveCfg = Debug|Any CPU
		{5ADDED6A-238F-4EF4-910F-1C7071529B4F}.Debug|Any CPU.Build.0 = Debug|Any CPU
		{5ADDED6A-238F-4EF4-910F-1C7071529B4F}.Release|Any CPU.ActiveCfg = Release|Any CPU
		{5ADDED6A-238F-4EF4-910F-1C7071529B4F}.Release|Any CPU.Build.0 = Release|Any CPU
		{B44F6A72-B34D-45DD-92CD-6FE319AFC895}.Debug|Any CPU.ActiveCfg = Debug|Any CPU
		{B44F6A72-B34D-45DD-92CD-6FE319AFC895}.Debug|Any CPU.Build.0 = Debug|Any CPU
		{B44F6A72-B34D-45DD-92CD-6FE319AFC895}.Release|Any CPU.ActiveCfg = Release|Any CPU
		{B44F6A72-B34D-45DD-92CD-6FE319AFC895}.Release|Any CPU.Build.0 = Release|Any CPU
	EndGlobalSection
	GlobalSection(SolutionProperties) = preSolution
		HideSolutionNode = FALSE
	EndGlobalSection
	GlobalSection(NestedProjects) = preSolution
		{D5581A1A-B4FA-43B4-BA47-25DFA8DB71C6} = {C290BEE0-4F5B-4D9D-99E4-664E2A34FA3F}
		{B207551B-5D5F-41B5-ACCA-8A813387BF39} = {D5581A1A-B4FA-43B4-BA47-25DFA8DB71C6}
		{59EA70D3-D9D3-486E-81F4-7B73DD282694} = {D5581A1A-B4FA-43B4-BA47-25DFA8DB71C6}
		{A6C3D954-56C1-489E-9888-1061C0E2EC32} = {C290BEE0-4F5B-4D9D-99E4-664E2A34FA3F}
		{FC0D524F-277A-4BF5-B17A-B6EBD1EA1C6D} = {A6C3D954-56C1-489E-9888-1061C0E2EC32}
		{E2E2DA79-1B1B-4D0B-A710-FD6D1D1C4988} = {A6C3D954-56C1-489E-9888-1061C0E2EC32}
		{8774E57C-8A95-4449-9D5A-1DF8628B6BC2} = {A6C3D954-56C1-489E-9888-1061C0E2EC32}
		{83DD72F9-5382-4C19-AE46-E44173C97305} = {656A13F5-7959-4B09-9B0C-F8B0002DF43E}
		{5ADDED6A-238F-4EF4-910F-1C7071529B4F} = {656A13F5-7959-4B09-9B0C-F8B0002DF43E}
		{B44F6A72-B34D-45DD-92CD-6FE319AFC895} = {656A13F5-7959-4B09-9B0C-F8B0002DF43E}
	EndGlobalSection
EndGlobal
